
Microsoft Visual Studio Solution File, Format Version 12.00
# Visual Studio 15
VisualStudioVersion = 15.0.28307.645
MinimumVisualStudioVersion = 10.0.40219.1
Project("{FAE04EC0-301F-11D3-BF4B-00C04F79EFBC}") = "Advantage.API", "Advantage.API\Advantage.API.csproj", "{5B3515F5-E8AF-4B8A-87B4-428E065D3977}"
EndProject
Global
	GlobalSection(SolutionConfigurationPlatforms) = preSolution
		Debug|Any CPU = Debug|Any CPU
		Release|Any CPU = Release|Any CPU
	EndGlobalSection
	GlobalSection(ProjectConfigurationPlatforms) = postSolution
		{5B3515F5-E8AF-4B8A-87B4-428E065D3977}.Debug|Any CPU.ActiveCfg = Debug|Any CPU
		{5B3515F5-E8AF-4B8A-87B4-428E065D3977}.Debug|Any CPU.Build.0 = Debug|Any CPU
		{5B3515F5-E8AF-4B8A-87B4-428E065D3977}.Release|Any CPU.ActiveCfg = Release|Any CPU
		{5B3515F5-E8AF-4B8A-87B4-428E065D3977}.Release|Any CPU.Build.0 = Release|Any CPU
	EndGlobalSection
	GlobalSection(SolutionProperties) = preSolution
		HideSolutionNode = FALSE
	EndGlobalSection
	GlobalSection(ExtensibilityGlobals) = postSolution
		SolutionGuid = {CD18022C-C94A-406C-B59E-61C881DF58FE}
	EndGlobalSection
EndGlobal
